{
  "name": "connext",
  "version": "1.0.0",
  "lockfileVersion": 1,
  "requires": true,
  "dependencies": {
    "dirext-js": {
      "version": "0.0.1",
      "resolved": "https://registry.npmjs.org/dirext-js/-/dirext-js-0.0.1.tgz",
      "integrity": "sha512-2W81hJubSdCL5hzeKsFZVJg7ZsGPn4LDq7wR8Dx8eshZuAJT26E6zqinP0qcTsbnUcroped4fj0ZcwSd5JaqxA=="
    }
  }
}
